PODS:
  - HXPHPicker (1.2.3):
    - HXPHPicker/Full (= 1.2.3)
  - HXPHPicker/Camera (1.2.3):
    - HXPHPicker/Core
  - HXPHPicker/Core (1.2.3)
  - HXPHPicker/Editor (1.2.3):
    - HXPHPicker/Core
  - HXPHPicker/Full (1.2.3):
    - HXPHPicker/Lite
    - Kingfisher (~> 7.0)
  - HXPHPicker/Lite (1.2.3):
    - HXPHPicker/Camera
    - HXPHPicker/Editor
    - HXPHPicker/Picker
  - HXPHPicker/Picker (1.2.3):
    - HXPHPicker/Core
  - Kingfisher (7.0.0)
  - SwiftLint (0.43.1)

DEPENDENCIES:
  - HXPHPicker (from `./`)
  - SwiftLint

SPEC REPOS:
  trunk:
    - Kingfisher
    - SwiftLint

EXTERNAL SOURCES:
  HXPHPicker:
    :path: "./"

SPEC CHECKSUMS:
  HXPHPicker: 5e53192207648efb6883118d41874b2395ed9954
  Kingfisher: 5efc54fec3980f92354898532e562cc17f31efb4
  SwiftLint: 99f82d07b837b942dd563c668de129a03fc3fb52

PODFILE CHECKSUM: f9e20e17317d8a19b5a44be25ff8fa6447090bd4

COCOAPODS: 1.10.1
