PODS:
  - GDPerformanceView-Swift (2.1.1)
  - HXPHPicker (1.4.0):
    - HXPHPicker/Full (= 1.4.0)
  - HXPHPicker/Camera (1.4.0):
    - HXPHPicker/Core
  - HXPHPicker/Core (1.4.0)
  - HXPHPicker/Editor (1.4.0):
    - HXPHPicker/Editor/KF (= 1.4.0)
    - HXPHPicker/Editor/Lite (= 1.4.0)
  - HXPHPicker/Editor/KF (1.4.0):
    - HXPHPicker/Editor/Lite
    - Kingfisher (~> 7.0)
  - HXPHPicker/Editor/Lite (1.4.0):
    - HXPHPicker/Core
  - HXPHPicker/Full (1.4.0):
    - HXPHPicker/Camera
    - HXPHPicker/Editor
    - HXPHPicker/Picker
  - HXPHPicker/Picker (1.4.0):
    - HXPHPicker/Picker/KF (= 1.4.0)
    - HXPHPicker/Picker/Lite (= 1.4.0)
  - HXPHPicker/Picker/KF (1.4.0):
    - HXPHPicker/Picker/Lite
    - Kingfisher (~> 7.0)
  - HXPHPicker/Picker/Lite (1.4.0):
    - HXPHPicker/Core
  - Kingfisher (7.1.1)

DEPENDENCIES:
  - GDPerformanceView-Swift
  - HXPHPicker (from `./`)

SPEC REPOS:
  trunk:
    - GDPerformanceView-Swift
    - Kingfisher

EXTERNAL SOURCES:
  HXPHPicker:
    :path: "./"

SPEC CHECKSUMS:
  GDPerformanceView-Swift: 22d964fe40b19e3d914dba2586237d064de8fd77
  HXPHPicker: 6f920091e253f1146d3b9299837d5955db0f7162
  Kingfisher: f738f9c4a3415823b8e2985d10aa2d6a9f37bc4d

PODFILE CHECKSUM: 66782939fc02b377726567ddc0a5abdcbc92ab71

COCOAPODS: 1.10.1
