PODS:
  - HXPHPicker/Core (1.0.9)
  - HXPHPicker/Editor (1.0.9):
    - HXPHPicker/Core
  - HXPHPicker/Full (1.0.9):
    - HXPHPicker/Core
    - HXPHPicker/Editor
    - HXPHPicker/Picker
    - Kingfisher (~> 6.0)
  - HXPHPicker/Picker (1.0.9):
    - HXPHPicker/Core
  - Kingfisher (6.3.0)

DEPENDENCIES:
  - HXPHPicker/Full (from `./`)

SPEC REPOS:
  trunk:
    - Kingfisher

EXTERNAL SOURCES:
  HXPHPicker:
    :path: "./"

SPEC CHECKSUMS:
  HXPHPicker: 18a084d2c6d4eca573f34c0e2a1e7b7c72cb2031
  Kingfisher: 6c3df386db71d82c0817a429d2c9421a77396529

PODFILE CHECKSUM: 69cb92c12f2449db0cc1ac4dca370898f6db94db

COCOAPODS: 1.10.0
