// !$*UTF8*$!
{
	archiveVersion = 1;
	classes = {
	};
	objectVersion = 50;
	objects = {

/* Begin PBXBuildFile section */
		7B2A0BE025A6EE2F00E949FD /* HXPHPicker.podspec in Resources */ = {isa = PBXBuildFile; fileRef = 7B2A0BDF25A6EE2E00E949FD /* HXPHPicker.podspec */; };
		7B49EDB6259D67F800A3D91A /* BaseViewController.swift in Sources */ = {isa = PBXBuildFile; fileRef = 7B49EDB2259D67F800A3D91A /* BaseViewController.swift */; };
		7B49EDB7259D67F800A3D91A /* ConfigurationViewController.xib in Resources */ = {isa = PBXBuildFile; fileRef = 7B49EDB3259D67F800A3D91A /* ConfigurationViewController.xib */; };
		7B49EDB8259D67F800A3D91A /* ConfigurationViewController.swift in Sources */ = {isa = PBXBuildFile; fileRef = 7B49EDB4259D67F800A3D91A /* ConfigurationViewController.swift */; };
		7B49EDB9259D67F800A3D91A /* BaseViewController.xib in Resources */ = {isa = PBXBuildFile; fileRef = 7B49EDB5259D67F800A3D91A /* BaseViewController.xib */; };
		7B49EDC0259DCA1D00A3D91A /* HXPHPickerViewController+SwipeSelect.swift in Sources */ = {isa = PBXBuildFile; fileRef = 7B49EDBF259DCA1D00A3D91A /* HXPHPickerViewController+SwipeSelect.swift */; };
		7B49EDC4259DD87600A3D91A /* README.md in Resources */ = {isa = PBXBuildFile; fileRef = 7B49EDC3259DD87600A3D91A /* README.md */; };
		7B73D62C259C76210045DA42 /* AppDelegate.swift in Sources */ = {isa = PBXBuildFile; fileRef = 7B73D62B259C76210045DA42 /* AppDelegate.swift */; };
		7B73D638259C76240045DA42 /* LaunchScreen.storyboard in Resources */ = {isa = PBXBuildFile; fileRef = 7B73D636259C76240045DA42 /* LaunchScreen.storyboard */; };
		7B73D64F259C783D0045DA42 /* Assets.xcassets in Resources */ = {isa = PBXBuildFile; fileRef = 7B73D64E259C783D0045DA42 /* Assets.xcassets */; };
		7B73D6BF259C88A90045DA42 /* HXPHPickerInteractiveTransition.swift in Sources */ = {isa = PBXBuildFile; fileRef = 7B73D67F259C88A90045DA42 /* HXPHPickerInteractiveTransition.swift */; };
		7B73D6C0259C88A90045DA42 /* HXPHPickerTransition.swift in Sources */ = {isa = PBXBuildFile; fileRef = 7B73D680259C88A90045DA42 /* HXPHPickerTransition.swift */; };
		7B73D6C1259C88A90045DA42 /* Bundle+HXPhotoPicker.swift in Sources */ = {isa = PBXBuildFile; fileRef = 7B73D682259C88A90045DA42 /* Bundle+HXPhotoPicker.swift */; };
		7B73D6C2259C88A90045DA42 /* UIImage+HXPHPicker.swift in Sources */ = {isa = PBXBuildFile; fileRef = 7B73D683259C88A90045DA42 /* UIImage+HXPHPicker.swift */; };
		7B73D6C3259C88A90045DA42 /* UIColor+HXPHPicker.swift in Sources */ = {isa = PBXBuildFile; fileRef = 7B73D684259C88A90045DA42 /* UIColor+HXPHPicker.swift */; };
		7B73D6C4259C88A90045DA42 /* UIDevice+HXPHPicker.swift in Sources */ = {isa = PBXBuildFile; fileRef = 7B73D685259C88A90045DA42 /* UIDevice+HXPHPicker.swift */; };
		7B73D6C5259C88A90045DA42 /* UIView+HXPHPicker.swift in Sources */ = {isa = PBXBuildFile; fileRef = 7B73D686259C88A90045DA42 /* UIView+HXPHPicker.swift */; };
		7B73D6C6259C88A90045DA42 /* UIFont+HXPHPicker.swift in Sources */ = {isa = PBXBuildFile; fileRef = 7B73D687259C88A90045DA42 /* UIFont+HXPHPicker.swift */; };
		7B73D6C7259C88A90045DA42 /* String+HXPHPicker.swift in Sources */ = {isa = PBXBuildFile; fileRef = 7B73D688259C88A90045DA42 /* String+HXPHPicker.swift */; };
		7B73D6C8259C88A90045DA42 /* UIViewController+HXPHPicker.swift in Sources */ = {isa = PBXBuildFile; fileRef = 7B73D689259C88A90045DA42 /* UIViewController+HXPHPicker.swift */; };
		7B73D6C9259C88A90045DA42 /* HXPHTools.swift in Sources */ = {isa = PBXBuildFile; fileRef = 7B73D68B259C88A90045DA42 /* HXPHTools.swift */; };
		7B73D6CA259C88A90045DA42 /* HXPHManager+AssetCollection.swift in Sources */ = {isa = PBXBuildFile; fileRef = 7B73D68C259C88A90045DA42 /* HXPHManager+AssetCollection.swift */; };
		7B73D6CB259C88A90045DA42 /* HXPHManager.swift in Sources */ = {isa = PBXBuildFile; fileRef = 7B73D68D259C88A90045DA42 /* HXPHManager.swift */; };
		7B73D6CC259C88A90045DA42 /* HXPHAssetManager+Asset.swift in Sources */ = {isa = PBXBuildFile; fileRef = 7B73D68E259C88A90045DA42 /* HXPHAssetManager+Asset.swift */; };
		7B73D6CD259C88A90045DA42 /* HXPHAssetManager+Authorization.swift in Sources */ = {isa = PBXBuildFile; fileRef = 7B73D68F259C88A90045DA42 /* HXPHAssetManager+Authorization.swift */; };
		7B73D6CE259C88A90045DA42 /* HXPHManager+Language.swift in Sources */ = {isa = PBXBuildFile; fileRef = 7B73D690259C88A90045DA42 /* HXPHManager+Language.swift */; };
		7B73D6CF259C88A90045DA42 /* HXPHAssetManager.swift in Sources */ = {isa = PBXBuildFile; fileRef = 7B73D691259C88A90045DA42 /* HXPHAssetManager.swift */; };
		7B73D6D0259C88A90045DA42 /* HXPHAssetManager+AssetCollection.swift in Sources */ = {isa = PBXBuildFile; fileRef = 7B73D692259C88A90045DA42 /* HXPHAssetManager+AssetCollection.swift */; };
		7B73D6D1259C88A90045DA42 /* HXPHPhotoListCameraCellConfiguration.swift in Sources */ = {isa = PBXBuildFile; fileRef = 7B73D694259C88A90045DA42 /* HXPHPhotoListCameraCellConfiguration.swift */; };
		7B73D6D2259C88A90045DA42 /* HXPHPhotoListCellConfiguration.swift in Sources */ = {isa = PBXBuildFile; fileRef = 7B73D695259C88A90045DA42 /* HXPHPhotoListCellConfiguration.swift */; };
		7B73D6D3259C88A90045DA42 /* HXPHConfiguration.swift in Sources */ = {isa = PBXBuildFile; fileRef = 7B73D696259C88A90045DA42 /* HXPHConfiguration.swift */; };
		7B73D6D4259C88A90045DA42 /* HXPHPickerBottomViewConfiguration.swift in Sources */ = {isa = PBXBuildFile; fileRef = 7B73D697259C88A90045DA42 /* HXPHPickerBottomViewConfiguration.swift */; };
		7B73D6D5259C88A90045DA42 /* HXPHCameraConfiguration.swift in Sources */ = {isa = PBXBuildFile; fileRef = 7B73D698259C88A90045DA42 /* HXPHCameraConfiguration.swift */; };
		7B73D6D6259C88A90045DA42 /* HXPHAlbumTitleViewConfiguration.swift in Sources */ = {isa = PBXBuildFile; fileRef = 7B73D699259C88A90045DA42 /* HXPHAlbumTitleViewConfiguration.swift */; };
		7B73D6D7259C88A90045DA42 /* HXPHPreviewViewConfiguration.swift in Sources */ = {isa = PBXBuildFile; fileRef = 7B73D69A259C88A90045DA42 /* HXPHPreviewViewConfiguration.swift */; };
		7B73D6D8259C88A90045DA42 /* HXPHPhotoListConfiguration.swift in Sources */ = {isa = PBXBuildFile; fileRef = 7B73D69B259C88A90045DA42 /* HXPHPhotoListConfiguration.swift */; };
		7B73D6D9259C88A90045DA42 /* HXPHNotAuthorizedConfiguration.swift in Sources */ = {isa = PBXBuildFile; fileRef = 7B73D69C259C88A90045DA42 /* HXPHNotAuthorizedConfiguration.swift */; };
		7B73D6DA259C88A90045DA42 /* HXPHEmptyViewConfiguration.swift in Sources */ = {isa = PBXBuildFile; fileRef = 7B73D69D259C88A90045DA42 /* HXPHEmptyViewConfiguration.swift */; };
		7B73D6DB259C88A90045DA42 /* HXPHAlbumListConfiguration.swift in Sources */ = {isa = PBXBuildFile; fileRef = 7B73D69E259C88A90045DA42 /* HXPHAlbumListConfiguration.swift */; };
		7B73D6DC259C88A90045DA42 /* HXPHSelectBoxConfiguration.swift in Sources */ = {isa = PBXBuildFile; fileRef = 7B73D69F259C88A90045DA42 /* HXPHSelectBoxConfiguration.swift */; };
		7B73D6DD259C88A90045DA42 /* HXPHPicker.bundle in Resources */ = {isa = PBXBuildFile; fileRef = 7B73D6A1259C88A90045DA42 /* HXPHPicker.bundle */; };
		7B73D6DE259C88A90045DA42 /* HXPHPickerViewController.swift in Sources */ = {isa = PBXBuildFile; fileRef = 7B73D6A3259C88A90045DA42 /* HXPHPickerViewController.swift */; };
		7B73D6DF259C88A90045DA42 /* HXPHPreviewViewController.swift in Sources */ = {isa = PBXBuildFile; fileRef = 7B73D6A4259C88A90045DA42 /* HXPHPreviewViewController.swift */; };
		7B73D6E0259C88A90045DA42 /* HXPHPickerController.swift in Sources */ = {isa = PBXBuildFile; fileRef = 7B73D6A5259C88A90045DA42 /* HXPHPickerController.swift */; };
		7B73D6E1259C88A90045DA42 /* HXPHAlbumViewController.swift in Sources */ = {isa = PBXBuildFile; fileRef = 7B73D6A6259C88A90045DA42 /* HXPHAlbumViewController.swift */; };
		7B73D6E2259C88A90045DA42 /* HXPHCameraPickerController.swift in Sources */ = {isa = PBXBuildFile; fileRef = 7B73D6A7259C88A90045DA42 /* HXPHCameraPickerController.swift */; };
		7B73D6E3259C88A90045DA42 /* HXPHPicker.swift in Sources */ = {isa = PBXBuildFile; fileRef = 7B73D6A8259C88A90045DA42 /* HXPHPicker.swift */; };
		7B73D6E4259C88A90045DA42 /* HXPHAsset.swift in Sources */ = {isa = PBXBuildFile; fileRef = 7B73D6AA259C88A90045DA42 /* HXPHAsset.swift */; };
		7B73D6E5259C88A90045DA42 /* HXPHAssetCollection.swift in Sources */ = {isa = PBXBuildFile; fileRef = 7B73D6AB259C88A90045DA42 /* HXPHAssetCollection.swift */; };
		7B73D6E6259C88A90045DA42 /* HXPHAlbumTitleView.swift in Sources */ = {isa = PBXBuildFile; fileRef = 7B73D6AD259C88A90045DA42 /* HXPHAlbumTitleView.swift */; };
		7B73D6E7259C88A90045DA42 /* HXPHAlbumTickView.swift in Sources */ = {isa = PBXBuildFile; fileRef = 7B73D6AE259C88A90045DA42 /* HXPHAlbumTickView.swift */; };
		7B73D6E8259C88A90045DA42 /* HXPHPreviewContentView.swift in Sources */ = {isa = PBXBuildFile; fileRef = 7B73D6AF259C88A90045DA42 /* HXPHPreviewContentView.swift */; };
		7B73D6E9259C88A90045DA42 /* HXPHPickerBottomView.swift in Sources */ = {isa = PBXBuildFile; fileRef = 7B73D6B0259C88A90045DA42 /* HXPHPickerBottomView.swift */; };
		7B73D6EA259C88A90045DA42 /* HXPHPreviewViewCell.swift in Sources */ = {isa = PBXBuildFile; fileRef = 7B73D6B2259C88A90045DA42 /* HXPHPreviewViewCell.swift */; };
		7B73D6EB259C88A90045DA42 /* HXPHAlbumViewCell.swift in Sources */ = {isa = PBXBuildFile; fileRef = 7B73D6B3259C88A90045DA42 /* HXPHAlbumViewCell.swift */; };
		7B73D6EC259C88A90045DA42 /* HXPHPickerCamerViewCell.swift in Sources */ = {isa = PBXBuildFile; fileRef = 7B73D6B4259C88A90045DA42 /* HXPHPickerCamerViewCell.swift */; };
		7B73D6ED259C88A90045DA42 /* HXPHPickerViewCell.swift in Sources */ = {isa = PBXBuildFile; fileRef = 7B73D6B5259C88A90045DA42 /* HXPHPickerViewCell.swift */; };
		7B73D6EE259C88A90045DA42 /* HXPHPreviewSelectedViewCell.swift in Sources */ = {isa = PBXBuildFile; fileRef = 7B73D6B6259C88A90045DA42 /* HXPHPreviewSelectedViewCell.swift */; };
		7B73D6EF259C88A90045DA42 /* HXPHVideoView.swift in Sources */ = {isa = PBXBuildFile; fileRef = 7B73D6B7259C88A90045DA42 /* HXPHVideoView.swift */; };
		7B73D6F0259C88A90045DA42 /* HXPHPickerSelectBoxView.swift in Sources */ = {isa = PBXBuildFile; fileRef = 7B73D6B8259C88A90045DA42 /* HXPHPickerSelectBoxView.swift */; };
		7B73D6F1259C88A90045DA42 /* HXPHDeniedAuthorizationView.swift in Sources */ = {isa = PBXBuildFile; fileRef = 7B73D6B9259C88A90045DA42 /* HXPHDeniedAuthorizationView.swift */; };
		7B73D6F2259C88A90045DA42 /* HXPHAlbumView.swift in Sources */ = {isa = PBXBuildFile; fileRef = 7B73D6BA259C88A90045DA42 /* HXPHAlbumView.swift */; };
		7B73D6F3259C88A90045DA42 /* HXPHPreviewSelectedView.swift in Sources */ = {isa = PBXBuildFile; fileRef = 7B73D6BB259C88A90045DA42 /* HXPHPreviewSelectedView.swift */; };
		7B73D6F4259C88A90045DA42 /* HXPHGIFImageView.swift in Sources */ = {isa = PBXBuildFile; fileRef = 7B73D6BC259C88A90045DA42 /* HXPHGIFImageView.swift */; };
		7B73D6F5259C88A90045DA42 /* HXPHAlbumTitleArrowView.swift in Sources */ = {isa = PBXBuildFile; fileRef = 7B73D6BD259C88A90045DA42 /* HXPHAlbumTitleArrowView.swift */; };
		7B73D6F6259C88A90045DA42 /* HXPHEmptyView.swift in Sources */ = {isa = PBXBuildFile; fileRef = 7B73D6BE259C88A90045DA42 /* HXPHEmptyView.swift */; };
/* End PBXBuildFile section */

/* Begin PBXFileReference section */
		7B2A0BDF25A6EE2E00E949FD /* HXPHPicker.podspec */ = {isa = PBXFileReference; fileEncoding = 4; lastKnownFileType = text; path = HXPHPicker.podspec; sourceTree = "<group>"; };
		7B49EDB2259D67F800A3D91A /* BaseViewController.swift */ = {isa = PBXFileReference; fileEncoding = 4; lastKnownFileType = sourcecode.swift; path = BaseViewController.swift; sourceTree = "<group>"; };
		7B49EDB3259D67F800A3D91A /* ConfigurationViewController.xib */ = {isa = PBXFileReference; fileEncoding = 4; lastKnownFileType = file.xib; path = ConfigurationViewController.xib; sourceTree = "<group>"; };
		7B49EDB4259D67F800A3D91A /* ConfigurationViewController.swift */ = {isa = PBXFileReference; fileEncoding = 4; lastKnownFileType = sourcecode.swift; path = ConfigurationViewController.swift; sourceTree = "<group>"; };
		7B49EDB5259D67F800A3D91A /* BaseViewController.xib */ = {isa = PBXFileReference; fileEncoding = 4; lastKnownFileType = file.xib; path = BaseViewController.xib; sourceTree = "<group>"; };
		7B49EDBF259DCA1D00A3D91A /* HXPHPickerViewController+SwipeSelect.swift */ = {isa = PBXFileReference; lastKnownFileType = sourcecode.swift; path = "HXPHPickerViewController+SwipeSelect.swift"; sourceTree = "<group>"; };
		7B49EDC3259DD87600A3D91A /* README.md */ = {isa = PBXFileReference; fileEncoding = 4; lastKnownFileType = net.daringfireball.markdown; path = README.md; sourceTree = "<group>"; };
		7B73D628259C76210045DA42 /* HXPHPicker.app */ = {isa = PBXFileReference; explicitFileType = wrapper.application; includeInIndex = 0; path = HXPHPicker.app; sourceTree = BUILT_PRODUCTS_DIR; };
		7B73D62B259C76210045DA42 /* AppDelegate.swift */ = {isa = PBXFileReference; lastKnownFileType = sourcecode.swift; path = AppDelegate.swift; sourceTree = "<group>"; };
		7B73D637259C76240045DA42 /* Base */ = {isa = PBXFileReference; lastKnownFileType = file.storyboard; name = Base; path = Base.lproj/LaunchScreen.storyboard; sourceTree = "<group>"; };
		7B73D639259C76240045DA42 /* Info.plist */ = {isa = PBXFileReference; lastKnownFileType = text.plist.xml; path = Info.plist; sourceTree = "<group>"; };
		7B73D64E259C783D0045DA42 /* Assets.xcassets */ = {isa = PBXFileReference; lastKnownFileType = folder.assetcatalog; path = Assets.xcassets; sourceTree = "<group>"; };
		7B73D67F259C88A90045DA42 /* HXPHPickerInteractiveTransition.swift */ = {isa = PBXFileReference; fileEncoding = 4; lastKnownFileType = sourcecode.swift; path = HXPHPickerInteractiveTransition.swift; sourceTree = "<group>"; };
		7B73D680259C88A90045DA42 /* HXPHPickerTransition.swift */ = {isa = PBXFileReference; fileEncoding = 4; lastKnownFileType = sourcecode.swift; path = HXPHPickerTransition.swift; sourceTree = "<group>"; };
		7B73D682259C88A90045DA42 /* Bundle+HXPhotoPicker.swift */ = {isa = PBXFileReference; fileEncoding = 4; lastKnownFileType = sourcecode.swift; path = "Bundle+HXPhotoPicker.swift"; sourceTree = "<group>"; };
		7B73D683259C88A90045DA42 /* UIImage+HXPHPicker.swift */ = {isa = PBXFileReference; fileEncoding = 4; lastKnownFileType = sourcecode.swift; path = "UIImage+HXPHPicker.swift"; sourceTree = "<group>"; };
		7B73D684259C88A90045DA42 /* UIColor+HXPHPicker.swift */ = {isa = PBXFileReference; fileEncoding = 4; lastKnownFileType = sourcecode.swift; path = "UIColor+HXPHPicker.swift"; sourceTree = "<group>"; };
		7B73D685259C88A90045DA42 /* UIDevice+HXPHPicker.swift */ = {isa = PBXFileReference; fileEncoding = 4; lastKnownFileType = sourcecode.swift; path = "UIDevice+HXPHPicker.swift"; sourceTree = "<group>"; };
		7B73D686259C88A90045DA42 /* UIView+HXPHPicker.swift */ = {isa = PBXFileReference; fileEncoding = 4; lastKnownFileType = sourcecode.swift; path = "UIView+HXPHPicker.swift"; sourceTree = "<group>"; };
		7B73D687259C88A90045DA42 /* UIFont+HXPHPicker.swift */ = {isa = PBXFileReference; fileEncoding = 4; lastKnownFileType = sourcecode.swift; path = "UIFont+HXPHPicker.swift"; sourceTree = "<group>"; };
		7B73D688259C88A90045DA42 /* String+HXPHPicker.swift */ = {isa = PBXFileReference; fileEncoding = 4; lastKnownFileType = sourcecode.swift; path = "String+HXPHPicker.swift"; sourceTree = "<group>"; };
		7B73D689259C88A90045DA42 /* UIViewController+HXPHPicker.swift */ = {isa = PBXFileReference; fileEncoding = 4; lastKnownFileType = sourcecode.swift; path = "UIViewController+HXPHPicker.swift"; sourceTree = "<group>"; };
		7B73D68B259C88A90045DA42 /* HXPHTools.swift */ = {isa = PBXFileReference; fileEncoding = 4; lastKnownFileType = sourcecode.swift; path = HXPHTools.swift; sourceTree = "<group>"; };
		7B73D68C259C88A90045DA42 /* HXPHManager+AssetCollection.swift */ = {isa = PBXFileReference; fileEncoding = 4; lastKnownFileType = sourcecode.swift; path = "HXPHManager+AssetCollection.swift"; sourceTree = "<group>"; };
		7B73D68D259C88A90045DA42 /* HXPHManager.swift */ = {isa = PBXFileReference; fileEncoding = 4; lastKnownFileType = sourcecode.swift; path = HXPHManager.swift; sourceTree = "<group>"; };
		7B73D68E259C88A90045DA42 /* HXPHAssetManager+Asset.swift */ = {isa = PBXFileReference; fileEncoding = 4; lastKnownFileType = sourcecode.swift; path = "HXPHAssetManager+Asset.swift"; sourceTree = "<group>"; };
		7B73D68F259C88A90045DA42 /* HXPHAssetManager+Authorization.swift */ = {isa = PBXFileReference; fileEncoding = 4; lastKnownFileType = sourcecode.swift; path = "HXPHAssetManager+Authorization.swift"; sourceTree = "<group>"; };
		7B73D690259C88A90045DA42 /* HXPHManager+Language.swift */ = {isa = PBXFileReference; fileEncoding = 4; lastKnownFileType = sourcecode.swift; path = "HXPHManager+Language.swift"; sourceTree = "<group>"; };
		7B73D691259C88A90045DA42 /* HXPHAssetManager.swift */ = {isa = PBXFileReference; fileEncoding = 4; lastKnownFileType = sourcecode.swift; path = HXPHAssetManager.swift; sourceTree = "<group>"; };
		7B73D692259C88A90045DA42 /* HXPHAssetManager+AssetCollection.swift */ = {isa = PBXFileReference; fileEncoding = 4; lastKnownFileType = sourcecode.swift; path = "HXPHAssetManager+AssetCollection.swift"; sourceTree = "<group>"; };
		7B73D694259C88A90045DA42 /* HXPHPhotoListCameraCellConfiguration.swift */ = {isa = PBXFileReference; fileEncoding = 4; lastKnownFileType = sourcecode.swift; path = HXPHPhotoListCameraCellConfiguration.swift; sourceTree = "<group>"; };
		7B73D695259C88A90045DA42 /* HXPHPhotoListCellConfiguration.swift */ = {isa = PBXFileReference; fileEncoding = 4; lastKnownFileType = sourcecode.swift; path = HXPHPhotoListCellConfiguration.swift; sourceTree = "<group>"; };
		7B73D696259C88A90045DA42 /* HXPHConfiguration.swift */ = {isa = PBXFileReference; fileEncoding = 4; lastKnownFileType = sourcecode.swift; path = HXPHConfiguration.swift; sourceTree = "<group>"; };
		7B73D697259C88A90045DA42 /* HXPHPickerBottomViewConfiguration.swift */ = {isa = PBXFileReference; fileEncoding = 4; lastKnownFileType = sourcecode.swift; path = HXPHPickerBottomViewConfiguration.swift; sourceTree = "<group>"; };
		7B73D698259C88A90045DA42 /* HXPHCameraConfiguration.swift */ = {isa = PBXFileReference; fileEncoding = 4; lastKnownFileType = sourcecode.swift; path = HXPHCameraConfiguration.swift; sourceTree = "<group>"; };
		7B73D699259C88A90045DA42 /* HXPHAlbumTitleViewConfiguration.swift */ = {isa = PBXFileReference; fileEncoding = 4; lastKnownFileType = sourcecode.swift; path = HXPHAlbumTitleViewConfiguration.swift; sourceTree = "<group>"; };
		7B73D69A259C88A90045DA42 /* HXPHPreviewViewConfiguration.swift */ = {isa = PBXFileReference; fileEncoding = 4; lastKnownFileType = sourcecode.swift; path = HXPHPreviewViewConfiguration.swift; sourceTree = "<group>"; };
		7B73D69B259C88A90045DA42 /* HXPHPhotoListConfiguration.swift */ = {isa = PBXFileReference; fileEncoding = 4; lastKnownFileType = sourcecode.swift; path = HXPHPhotoListConfiguration.swift; sourceTree = "<group>"; };
		7B73D69C259C88A90045DA42 /* HXPHNotAuthorizedConfiguration.swift */ = {isa = PBXFileReference; fileEncoding = 4; lastKnownFileType = sourcecode.swift; path = HXPHNotAuthorizedConfiguration.swift; sourceTree = "<group>"; };
		7B73D69D259C88A90045DA42 /* HXPHEmptyViewConfiguration.swift */ = {isa = PBXFileReference; fileEncoding = 4; lastKnownFileType = sourcecode.swift; path = HXPHEmptyViewConfiguration.swift; sourceTree = "<group>"; };
		7B73D69E259C88A90045DA42 /* HXPHAlbumListConfiguration.swift */ = {isa = PBXFileReference; fileEncoding = 4; lastKnownFileType = sourcecode.swift; path = HXPHAlbumListConfiguration.swift; sourceTree = "<group>"; };
		7B73D69F259C88A90045DA42 /* HXPHSelectBoxConfiguration.swift */ = {isa = PBXFileReference; fileEncoding = 4; lastKnownFileType = sourcecode.swift; path = HXPHSelectBoxConfiguration.swift; sourceTree = "<group>"; };
		7B73D6A1259C88A90045DA42 /* HXPHPicker.bundle */ = {isa = PBXFileReference; lastKnownFileType = "wrapper.plug-in"; path = HXPHPicker.bundle; sourceTree = "<group>"; };
		7B73D6A3259C88A90045DA42 /* HXPHPickerViewController.swift */ = {isa = PBXFileReference; fileEncoding = 4; lastKnownFileType = sourcecode.swift; path = HXPHPickerViewController.swift; sourceTree = "<group>"; };
		7B73D6A4259C88A90045DA42 /* HXPHPreviewViewController.swift */ = {isa = PBXFileReference; fileEncoding = 4; lastKnownFileType = sourcecode.swift; path = HXPHPreviewViewController.swift; sourceTree = "<group>"; };
		7B73D6A5259C88A90045DA42 /* HXPHPickerController.swift */ = {isa = PBXFileReference; fileEncoding = 4; lastKnownFileType = sourcecode.swift; path = HXPHPickerController.swift; sourceTree = "<group>"; };
		7B73D6A6259C88A90045DA42 /* HXPHAlbumViewController.swift */ = {isa = PBXFileReference; fileEncoding = 4; lastKnownFileType = sourcecode.swift; path = HXPHAlbumViewController.swift; sourceTree = "<group>"; };
		7B73D6A7259C88A90045DA42 /* HXPHCameraPickerController.swift */ = {isa = PBXFileReference; fileEncoding = 4; lastKnownFileType = sourcecode.swift; path = HXPHCameraPickerController.swift; sourceTree = "<group>"; };
		7B73D6A8259C88A90045DA42 /* HXPHPicker.swift */ = {isa = PBXFileReference; fileEncoding = 4; lastKnownFileType = sourcecode.swift; path = HXPHPicker.swift; sourceTree = "<group>"; };
		7B73D6AA259C88A90045DA42 /* HXPHAsset.swift */ = {isa = PBXFileReference; fileEncoding = 4; lastKnownFileType = sourcecode.swift; path = HXPHAsset.swift; sourceTree = "<group>"; };
		7B73D6AB259C88A90045DA42 /* HXPHAssetCollection.swift */ = {isa = PBXFileReference; fileEncoding = 4; lastKnownFileType = sourcecode.swift; path = HXPHAssetCollection.swift; sourceTree = "<group>"; };
		7B73D6AD259C88A90045DA42 /* HXPHAlbumTitleView.swift */ = {isa = PBXFileReference; fileEncoding = 4; lastKnownFileType = sourcecode.swift; path = HXPHAlbumTitleView.swift; sourceTree = "<group>"; };
		7B73D6AE259C88A90045DA42 /* HXPHAlbumTickView.swift */ = {isa = PBXFileReference; fileEncoding = 4; lastKnownFileType = sourcecode.swift; path = HXPHAlbumTickView.swift; sourceTree = "<group>"; };
		7B73D6AF259C88A90045DA42 /* HXPHPreviewContentView.swift */ = {isa = PBXFileReference; fileEncoding = 4; lastKnownFileType = sourcecode.swift; path = HXPHPreviewContentView.swift; sourceTree = "<group>"; };
		7B73D6B0259C88A90045DA42 /* HXPHPickerBottomView.swift */ = {isa = PBXFileReference; fileEncoding = 4; lastKnownFileType = sourcecode.swift; path = HXPHPickerBottomView.swift; sourceTree = "<group>"; };
		7B73D6B2259C88A90045DA42 /* HXPHPreviewViewCell.swift */ = {isa = PBXFileReference; fileEncoding = 4; lastKnownFileType = sourcecode.swift; path = HXPHPreviewViewCell.swift; sourceTree = "<group>"; };
		7B73D6B3259C88A90045DA42 /* HXPHAlbumViewCell.swift */ = {isa = PBXFileReference; fileEncoding = 4; lastKnownFileType = sourcecode.swift; path = HXPHAlbumViewCell.swift; sourceTree = "<group>"; };
		7B73D6B4259C88A90045DA42 /* HXPHPickerCamerViewCell.swift */ = {isa = PBXFileReference; fileEncoding = 4; lastKnownFileType = sourcecode.swift; path = HXPHPickerCamerViewCell.swift; sourceTree = "<group>"; };
		7B73D6B5259C88A90045DA42 /* HXPHPickerViewCell.swift */ = {isa = PBXFileReference; fileEncoding = 4; lastKnownFileType = sourcecode.swift; path = HXPHPickerViewCell.swift; sourceTree = "<group>"; };
		7B73D6B6259C88A90045DA42 /* HXPHPreviewSelectedViewCell.swift */ = {isa = PBXFileReference; fileEncoding = 4; lastKnownFileType = sourcecode.swift; path = HXPHPreviewSelectedViewCell.swift; sourceTree = "<group>"; };
		7B73D6B7259C88A90045DA42 /* HXPHVideoView.swift */ = {isa = PBXFileReference; fileEncoding = 4; lastKnownFileType = sourcecode.swift; path = HXPHVideoView.swift; sourceTree = "<group>"; };
		7B73D6B8259C88A90045DA42 /* HXPHPickerSelectBoxView.swift */ = {isa = PBXFileReference; fileEncoding = 4; lastKnownFileType = sourcecode.swift; path = HXPHPickerSelectBoxView.swift; sourceTree = "<group>"; };
		7B73D6B9259C88A90045DA42 /* HXPHDeniedAuthorizationView.swift */ = {isa = PBXFileReference; fileEncoding = 4; lastKnownFileType = sourcecode.swift; path = HXPHDeniedAuthorizationView.swift; sourceTree = "<group>"; };
		7B73D6BA259C88A90045DA42 /* HXPHAlbumView.swift */ = {isa = PBXFileReference; fileEncoding = 4; lastKnownFileType = sourcecode.swift; path = HXPHAlbumView.swift; sourceTree = "<group>"; };
		7B73D6BB259C88A90045DA42 /* HXPHPreviewSelectedView.swift */ = {isa = PBXFileReference; fileEncoding = 4; lastKnownFileType = sourcecode.swift; path = HXPHPreviewSelectedView.swift; sourceTree = "<group>"; };
		7B73D6BC259C88A90045DA42 /* HXPHGIFImageView.swift */ = {isa = PBXFileReference; fileEncoding = 4; lastKnownFileType = sourcecode.swift; path = HXPHGIFImageView.swift; sourceTree = "<group>"; };
		7B73D6BD259C88A90045DA42 /* HXPHAlbumTitleArrowView.swift */ = {isa = PBXFileReference; fileEncoding = 4; lastKnownFileType = sourcecode.swift; path = HXPHAlbumTitleArrowView.swift; sourceTree = "<group>"; };
		7B73D6BE259C88A90045DA42 /* HXPHEmptyView.swift */ = {isa = PBXFileReference; fileEncoding = 4; lastKnownFileType = sourcecode.swift; path = HXPHEmptyView.swift; sourceTree = "<group>"; };
/* End PBXFileReference section */

/* Begin PBXFrameworksBuildPhase section */
		7B73D625259C76210045DA42 /* Frameworks */ = {
			isa = PBXFrameworksBuildPhase;
			buildActionMask = 2147483647;
			files = (
			);
			runOnlyForDeploymentPostprocessing = 0;
		};
/* End PBXFrameworksBuildPhase section */

/* Begin PBXGroup section */
		7B49EDB1259D67F800A3D91A /* Classes */ = {
			isa = PBXGroup;
			children = (
				7B49EDB2259D67F800A3D91A /* BaseViewController.swift */,
				7B49EDB5259D67F800A3D91A /* BaseViewController.xib */,
				7B49EDB4259D67F800A3D91A /* ConfigurationViewController.swift */,
				7B49EDB3259D67F800A3D91A /* ConfigurationViewController.xib */,
			);
			path = Classes;
			sourceTree = "<group>";
		};
		7B73D61F259C76210045DA42 = {
			isa = PBXGroup;
			children = (
				7B49EDC3259DD87600A3D91A /* README.md */,
				7B2A0BDF25A6EE2E00E949FD /* HXPHPicker.podspec */,
				7B73D67D259C88A90045DA42 /* HXPHPicker */,
				7B73D62A259C76210045DA42 /* Example */,
				7B73D629259C76210045DA42 /* Products */,
			);
			sourceTree = "<group>";
		};
		7B73D629259C76210045DA42 /* Products */ = {
			isa = PBXGroup;
			children = (
				7B73D628259C76210045DA42 /* HXPHPicker.app */,
			);
			name = Products;
			sourceTree = "<group>";
		};
		7B73D62A259C76210045DA42 /* Example */ = {
			isa = PBXGroup;
			children = (
				7B49EDB1259D67F800A3D91A /* Classes */,
				7B73D62B259C76210045DA42 /* AppDelegate.swift */,
				7B73D64E259C783D0045DA42 /* Assets.xcassets */,
				7B73D636259C76240045DA42 /* LaunchScreen.storyboard */,
				7B73D639259C76240045DA42 /* Info.plist */,
			);
			path = Example;
			sourceTree = "<group>";
		};
		7B73D67D259C88A90045DA42 /* HXPHPicker */ = {
			isa = PBXGroup;
			children = (
				7B73D6A8259C88A90045DA42 /* HXPHPicker.swift */,
				7B73D693259C88A90045DA42 /* Config */,
				7B73D6A2259C88A90045DA42 /* Controller */,
				7B73D6AC259C88A90045DA42 /* View */,
				7B73D6A9259C88A90045DA42 /* Model */,
				7B73D68A259C88A90045DA42 /* Util */,
				7B73D681259C88A90045DA42 /* Extension */,
				7B73D67E259C88A90045DA42 /* Transition */,
				7B73D6A0259C88A90045DA42 /* Resources */,
			);
			name = HXPHPicker;
			path = Sources/HXPHPicker;
			sourceTree = "<group>";
		};
		7B73D67E259C88A90045DA42 /* Transition */ = {
			isa = PBXGroup;
			children = (
				7B73D67F259C88A90045DA42 /* HXPHPickerInteractiveTransition.swift */,
				7B73D680259C88A90045DA42 /* HXPHPickerTransition.swift */,
			);
			path = Transition;
			sourceTree = "<group>";
		};
		7B73D681259C88A90045DA42 /* Extension */ = {
			isa = PBXGroup;
			children = (
				7B49EDBF259DCA1D00A3D91A /* HXPHPickerViewController+SwipeSelect.swift */,
				7B73D682259C88A90045DA42 /* Bundle+HXPhotoPicker.swift */,
				7B73D688259C88A90045DA42 /* String+HXPHPicker.swift */,
				7B73D684259C88A90045DA42 /* UIColor+HXPHPicker.swift */,
				7B73D685259C88A90045DA42 /* UIDevice+HXPHPicker.swift */,
				7B73D687259C88A90045DA42 /* UIFont+HXPHPicker.swift */,
				7B73D683259C88A90045DA42 /* UIImage+HXPHPicker.swift */,
				7B73D686259C88A90045DA42 /* UIView+HXPHPicker.swift */,
				7B73D689259C88A90045DA42 /* UIViewController+HXPHPicker.swift */,
			);
			path = Extension;
			sourceTree = "<group>";
		};
		7B73D68A259C88A90045DA42 /* Util */ = {
			isa = PBXGroup;
			children = (
				7B73D691259C88A90045DA42 /* HXPHAssetManager.swift */,
				7B73D68E259C88A90045DA42 /* HXPHAssetManager+Asset.swift */,
				7B73D692259C88A90045DA42 /* HXPHAssetManager+AssetCollection.swift */,
				7B73D68F259C88A90045DA42 /* HXPHAssetManager+Authorization.swift */,
				7B73D68D259C88A90045DA42 /* HXPHManager.swift */,
				7B73D68C259C88A90045DA42 /* HXPHManager+AssetCollection.swift */,
				7B73D690259C88A90045DA42 /* HXPHManager+Language.swift */,
				7B73D68B259C88A90045DA42 /* HXPHTools.swift */,
			);
			path = Util;
			sourceTree = "<group>";
		};
		7B73D693259C88A90045DA42 /* Config */ = {
			isa = PBXGroup;
			children = (
				7B73D696259C88A90045DA42 /* HXPHConfiguration.swift */,
				7B73D699259C88A90045DA42 /* HXPHAlbumTitleViewConfiguration.swift */,
				7B73D69E259C88A90045DA42 /* HXPHAlbumListConfiguration.swift */,
				7B73D698259C88A90045DA42 /* HXPHCameraConfiguration.swift */,
				7B73D69B259C88A90045DA42 /* HXPHPhotoListConfiguration.swift */,
				7B73D694259C88A90045DA42 /* HXPHPhotoListCameraCellConfiguration.swift */,
				7B73D695259C88A90045DA42 /* HXPHPhotoListCellConfiguration.swift */,
				7B73D697259C88A90045DA42 /* HXPHPickerBottomViewConfiguration.swift */,
				7B73D69A259C88A90045DA42 /* HXPHPreviewViewConfiguration.swift */,
				7B73D69F259C88A90045DA42 /* HXPHSelectBoxConfiguration.swift */,
				7B73D69D259C88A90045DA42 /* HXPHEmptyViewConfiguration.swift */,
				7B73D69C259C88A90045DA42 /* HXPHNotAuthorizedConfiguration.swift */,
			);
			path = Config;
			sourceTree = "<group>";
		};
		7B73D6A0259C88A90045DA42 /* Resources */ = {
			isa = PBXGroup;
			children = (
				7B73D6A1259C88A90045DA42 /* HXPHPicker.bundle */,
			);
			path = Resources;
			sourceTree = "<group>";
		};
		7B73D6A2259C88A90045DA42 /* Controller */ = {
			isa = PBXGroup;
			children = (
				7B73D6A5259C88A90045DA42 /* HXPHPickerController.swift */,
				7B73D6A6259C88A90045DA42 /* HXPHAlbumViewController.swift */,
				7B73D6A3259C88A90045DA42 /* HXPHPickerViewController.swift */,
				7B73D6A4259C88A90045DA42 /* HXPHPreviewViewController.swift */,
				7B73D6A7259C88A90045DA42 /* HXPHCameraPickerController.swift */,
			);
			path = Controller;
			sourceTree = "<group>";
		};
		7B73D6A9259C88A90045DA42 /* Model */ = {
			isa = PBXGroup;
			children = (
				7B73D6AA259C88A90045DA42 /* HXPHAsset.swift */,
				7B73D6AB259C88A90045DA42 /* HXPHAssetCollection.swift */,
			);
			path = Model;
			sourceTree = "<group>";
		};
		7B73D6AC259C88A90045DA42 /* View */ = {
			isa = PBXGroup;
			children = (
				7B73D6B1259C88A90045DA42 /* Cell */,
				7B73D6AE259C88A90045DA42 /* HXPHAlbumTickView.swift */,
				7B73D6BD259C88A90045DA42 /* HXPHAlbumTitleArrowView.swift */,
				7B73D6AD259C88A90045DA42 /* HXPHAlbumTitleView.swift */,
				7B73D6BA259C88A90045DA42 /* HXPHAlbumView.swift */,
				7B73D6B9259C88A90045DA42 /* HXPHDeniedAuthorizationView.swift */,
				7B73D6BE259C88A90045DA42 /* HXPHEmptyView.swift */,
				7B73D6BC259C88A90045DA42 /* HXPHGIFImageView.swift */,
				7B73D6B0259C88A90045DA42 /* HXPHPickerBottomView.swift */,
				7B73D6B8259C88A90045DA42 /* HXPHPickerSelectBoxView.swift */,
				7B73D6AF259C88A90045DA42 /* HXPHPreviewContentView.swift */,
				7B73D6BB259C88A90045DA42 /* HXPHPreviewSelectedView.swift */,
				7B73D6B7259C88A90045DA42 /* HXPHVideoView.swift */,
			);
			path = View;
			sourceTree = "<group>";
		};
		7B73D6B1259C88A90045DA42 /* Cell */ = {
			isa = PBXGroup;
			children = (
				7B73D6B3259C88A90045DA42 /* HXPHAlbumViewCell.swift */,
				7B73D6B4259C88A90045DA42 /* HXPHPickerCamerViewCell.swift */,
				7B73D6B5259C88A90045DA42 /* HXPHPickerViewCell.swift */,
				7B73D6B2259C88A90045DA42 /* HXPHPreviewViewCell.swift */,
				7B73D6B6259C88A90045DA42 /* HXPHPreviewSelectedViewCell.swift */,
			);
			path = Cell;
			sourceTree = "<group>";
		};
/* End PBXGroup section */

/* Begin PBXNativeTarget section */
		7B73D627259C76210045DA42 /* HXPHPicker */ = {
			isa = PBXNativeTarget;
			buildConfigurationList = 7B73D63C259C76240045DA42 /* Build configuration list for PBXNativeTarget "HXPHPicker" */;
			buildPhases = (
				7B73D624259C76210045DA42 /* Sources */,
				7B73D625259C76210045DA42 /* Frameworks */,
				7B73D626259C76210045DA42 /* Resources */,
			);
			buildRules = (
			);
			dependencies = (
			);
			name = HXPHPicker;
			productName = HXPHPicker;
			productReference = 7B73D628259C76210045DA42 /* HXPHPicker.app */;
			productType = "com.apple.product-type.application";
		};
/* End PBXNativeTarget section */

/* Begin PBXProject section */
		7B73D620259C76210045DA42 /* Project object */ = {
			isa = PBXProject;
			attributes = {
				LastSwiftUpdateCheck = 1220;
				LastUpgradeCheck = 1220;
				TargetAttributes = {
					7B73D627259C76210045DA42 = {
						CreatedOnToolsVersion = 12.2;
					};
				};
			};
			buildConfigurationList = 7B73D623259C76210045DA42 /* Build configuration list for PBXProject "HXPHPicker" */;
			compatibilityVersion = "Xcode 9.3";
			developmentRegion = en;
			hasScannedForEncodings = 0;
			knownRegions = (
				en,
				Base,
			);
			mainGroup = 7B73D61F259C76210045DA42;
			productRefGroup = 7B73D629259C76210045DA42 /* Products */;
			projectDirPath = "";
			projectRoot = "";
			targets = (
				7B73D627259C76210045DA42 /* HXPHPicker */,
			);
		};
/* End PBXProject section */

/* Begin PBXResourcesBuildPhase section */
		7B73D626259C76210045DA42 /* Resources */ = {
			isa = PBXResourcesBuildPhase;
			buildActionMask = 2147483647;
			files = (
				7B49EDC4259DD87600A3D91A /* README.md in Resources */,
				7B73D638259C76240045DA42 /* LaunchScreen.storyboard in Resources */,
				7B49EDB9259D67F800A3D91A /* BaseViewController.xib in Resources */,
				7B73D64F259C783D0045DA42 /* Assets.xcassets in Resources */,
				7B73D6DD259C88A90045DA42 /* HXPHPicker.bundle in Resources */,
				7B49EDB7259D67F800A3D91A /* ConfigurationViewController.xib in Resources */,
				7B2A0BE025A6EE2F00E949FD /* HXPHPicker.podspec in Resources */,
			);
			runOnlyForDeploymentPostprocessing = 0;
		};
/* End PBXResourcesBuildPhase section */

/* Begin PBXSourcesBuildPhase section */
		7B73D624259C76210045DA42 /* Sources */ = {
			isa = PBXSourcesBuildPhase;
			buildActionMask = 2147483647;
			files = (
				7B73D6D8259C88A90045DA42 /* HXPHPhotoListConfiguration.swift in Sources */,
				7B73D6C2259C88A90045DA42 /* UIImage+HXPHPicker.swift in Sources */,
				7B73D6CB259C88A90045DA42 /* HXPHManager.swift in Sources */,
				7B73D6E1259C88A90045DA42 /* HXPHAlbumViewController.swift in Sources */,
				7B73D6D3259C88A90045DA42 /* HXPHConfiguration.swift in Sources */,
				7B73D6EC259C88A90045DA42 /* HXPHPickerCamerViewCell.swift in Sources */,
				7B73D6CF259C88A90045DA42 /* HXPHAssetManager.swift in Sources */,
				7B73D6D7259C88A90045DA42 /* HXPHPreviewViewConfiguration.swift in Sources */,
				7B73D6EB259C88A90045DA42 /* HXPHAlbumViewCell.swift in Sources */,
				7B49EDB8259D67F800A3D91A /* ConfigurationViewController.swift in Sources */,
				7B73D6D4259C88A90045DA42 /* HXPHPickerBottomViewConfiguration.swift in Sources */,
				7B73D6CC259C88A90045DA42 /* HXPHAssetManager+Asset.swift in Sources */,
				7B73D6EA259C88A90045DA42 /* HXPHPreviewViewCell.swift in Sources */,
				7B73D6E5259C88A90045DA42 /* HXPHAssetCollection.swift in Sources */,
				7B73D6C3259C88A90045DA42 /* UIColor+HXPHPicker.swift in Sources */,
				7B73D6EE259C88A90045DA42 /* HXPHPreviewSelectedViewCell.swift in Sources */,
				7B73D6DA259C88A90045DA42 /* HXPHEmptyViewConfiguration.swift in Sources */,
				7B73D6F1259C88A90045DA42 /* HXPHDeniedAuthorizationView.swift in Sources */,
				7B73D6C6259C88A90045DA42 /* UIFont+HXPHPicker.swift in Sources */,
				7B73D6E2259C88A90045DA42 /* HXPHCameraPickerController.swift in Sources */,
				7B73D6C0259C88A90045DA42 /* HXPHPickerTransition.swift in Sources */,
				7B73D6D5259C88A90045DA42 /* HXPHCameraConfiguration.swift in Sources */,
				7B73D6D0259C88A90045DA42 /* HXPHAssetManager+AssetCollection.swift in Sources */,
				7B73D6DE259C88A90045DA42 /* HXPHPickerViewController.swift in Sources */,
				7B49EDB6259D67F800A3D91A /* BaseViewController.swift in Sources */,
				7B73D6EF259C88A90045DA42 /* HXPHVideoView.swift in Sources */,
				7B73D6ED259C88A90045DA42 /* HXPHPickerViewCell.swift in Sources */,
				7B73D6F3259C88A90045DA42 /* HXPHPreviewSelectedView.swift in Sources */,
				7B73D62C259C76210045DA42 /* AppDelegate.swift in Sources */,
				7B73D6DF259C88A90045DA42 /* HXPHPreviewViewController.swift in Sources */,
				7B73D6E0259C88A90045DA42 /* HXPHPickerController.swift in Sources */,
				7B73D6CE259C88A90045DA42 /* HXPHManager+Language.swift in Sources */,
				7B73D6F5259C88A90045DA42 /* HXPHAlbumTitleArrowView.swift in Sources */,
				7B73D6E7259C88A90045DA42 /* HXPHAlbumTickView.swift in Sources */,
				7B73D6C8259C88A90045DA42 /* UIViewController+HXPHPicker.swift in Sources */,
				7B73D6C5259C88A90045DA42 /* UIView+HXPHPicker.swift in Sources */,
				7B73D6F2259C88A90045DA42 /* HXPHAlbumView.swift in Sources */,
				7B73D6D1259C88A90045DA42 /* HXPHPhotoListCameraCellConfiguration.swift in Sources */,
				7B73D6D6259C88A90045DA42 /* HXPHAlbumTitleViewConfiguration.swift in Sources */,
				7B73D6D9259C88A90045DA42 /* HXPHNotAuthorizedConfiguration.swift in Sources */,
				7B73D6E3259C88A90045DA42 /* HXPHPicker.swift in Sources */,
				7B73D6E8259C88A90045DA42 /* HXPHPreviewContentView.swift in Sources */,
				7B73D6F4259C88A90045DA42 /* HXPHGIFImageView.swift in Sources */,
				7B73D6DC259C88A90045DA42 /* HXPHSelectBoxConfiguration.swift in Sources */,
				7B73D6E9259C88A90045DA42 /* HXPHPickerBottomView.swift in Sources */,
				7B73D6CA259C88A90045DA42 /* HXPHManager+AssetCollection.swift in Sources */,
				7B73D6C7259C88A90045DA42 /* String+HXPHPicker.swift in Sources */,
				7B73D6C4259C88A90045DA42 /* UIDevice+HXPHPicker.swift in Sources */,
				7B73D6DB259C88A90045DA42 /* HXPHAlbumListConfiguration.swift in Sources */,
				7B73D6D2259C88A90045DA42 /* HXPHPhotoListCellConfiguration.swift in Sources */,
				7B73D6F6259C88A90045DA42 /* HXPHEmptyView.swift in Sources */,
				7B73D6C1259C88A90045DA42 /* Bundle+HXPhotoPicker.swift in Sources */,
				7B73D6BF259C88A90045DA42 /* HXPHPickerInteractiveTransition.swift in Sources */,
				7B73D6CD259C88A90045DA42 /* HXPHAssetManager+Authorization.swift in Sources */,
				7B73D6E4259C88A90045DA42 /* HXPHAsset.swift in Sources */,
				7B73D6C9259C88A90045DA42 /* HXPHTools.swift in Sources */,
				7B49EDC0259DCA1D00A3D91A /* HXPHPickerViewController+SwipeSelect.swift in Sources */,
				7B73D6F0259C88A90045DA42 /* HXPHPickerSelectBoxView.swift in Sources */,
				7B73D6E6259C88A90045DA42 /* HXPHAlbumTitleView.swift in Sources */,
			);
			runOnlyForDeploymentPostprocessing = 0;
		};
/* End PBXSourcesBuildPhase section */

/* Begin PBXVariantGroup section */
		7B73D636259C76240045DA42 /* LaunchScreen.storyboard */ = {
			isa = PBXVariantGroup;
			children = (
				7B73D637259C76240045DA42 /* Base */,
			);
			name = LaunchScreen.storyboard;
			sourceTree = "<group>";
		};
/* End PBXVariantGroup section */

/* Begin XCBuildConfiguration section */
		7B73D63A259C76240045DA42 /* Debug */ = {
			isa = XCBuildConfiguration;
			buildSettings = {
				ALWAYS_SEARCH_USER_PATHS = NO;
				CLANG_ANALYZER_NONNULL = YES;
				CLANG_ANALYZER_NUMBER_OBJECT_CONVERSION = YES_AGGRESSIVE;
				CLANG_CXX_LANGUAGE_STANDARD = "gnu++14";
				CLANG_CXX_LIBRARY = "libc++";
				CLANG_ENABLE_MODULES = YES;
				CLANG_ENABLE_OBJC_ARC = YES;
				CLANG_ENABLE_OBJC_WEAK = YES;
				CLANG_WARN_BLOCK_CAPTURE_AUTORELEASING = YES;
				CLANG_WARN_BOOL_CONVERSION = YES;
				CLANG_WARN_COMMA = YES;
				CLANG_WARN_CONSTANT_CONVERSION = YES;
				CLANG_WARN_DEPRECATED_OBJC_IMPLEMENTATIONS = YES;
				CLANG_WARN_DIRECT_OBJC_ISA_USAGE = YES_ERROR;
				CLANG_WARN_DOCUMENTATION_COMMENTS = YES;
				CLANG_WARN_EMPTY_BODY = YES;
				CLANG_WARN_ENUM_CONVERSION = YES;
				CLANG_WARN_INFINITE_RECURSION = YES;
				CLANG_WARN_INT_CONVERSION = YES;
				CLANG_WARN_NON_LITERAL_NULL_CONVERSION = YES;
				CLANG_WARN_OBJC_IMPLICIT_RETAIN_SELF = YES;
				CLANG_WARN_OBJC_LITERAL_CONVERSION = YES;
				CLANG_WARN_OBJC_ROOT_CLASS = YES_ERROR;
				CLANG_WARN_QUOTED_INCLUDE_IN_FRAMEWORK_HEADER = YES;
				CLANG_WARN_RANGE_LOOP_ANALYSIS = YES;
				CLANG_WARN_STRICT_PROTOTYPES = YES;
				CLANG_WARN_SUSPICIOUS_MOVE = YES;
				CLANG_WARN_UNGUARDED_AVAILABILITY = YES_AGGRESSIVE;
				CLANG_WARN_UNREACHABLE_CODE = YES;
				CLANG_WARN__DUPLICATE_METHOD_MATCH = YES;
				COPY_PHASE_STRIP = NO;
				DEBUG_INFORMATION_FORMAT = dwarf;
				ENABLE_STRICT_OBJC_MSGSEND = YES;
				ENABLE_TESTABILITY = YES;
				GCC_C_LANGUAGE_STANDARD = gnu11;
				GCC_DYNAMIC_NO_PIC = NO;
				GCC_NO_COMMON_BLOCKS = YES;
				GCC_OPTIMIZATION_LEVEL = 0;
				GCC_PREPROCESSOR_DEFINITIONS = (
					"DEBUG=1",
					"$(inherited)",
				);
				GCC_WARN_64_TO_32_BIT_CONVERSION = YES;
				GCC_WARN_ABOUT_RETURN_TYPE = YES_ERROR;
				GCC_WARN_UNDECLARED_SELECTOR = YES;
				GCC_WARN_UNINITIALIZED_AUTOS = YES_AGGRESSIVE;
				GCC_WARN_UNUSED_FUNCTION = YES;
				GCC_WARN_UNUSED_VARIABLE = YES;
				IPHONEOS_DEPLOYMENT_TARGET = 14.2;
				MTL_ENABLE_DEBUG_INFO = INCLUDE_SOURCE;
				MTL_FAST_MATH = YES;
				ONLY_ACTIVE_ARCH = YES;
				SDKROOT = iphoneos;
				SWIFT_ACTIVE_COMPILATION_CONDITIONS = DEBUG;
				SWIFT_OPTIMIZATION_LEVEL = "-Onone";
			};
			name = Debug;
		};
		7B73D63B259C76240045DA42 /* Release */ = {
			isa = XCBuildConfiguration;
			buildSettings = {
				ALWAYS_SEARCH_USER_PATHS = NO;
				CLANG_ANALYZER_NONNULL = YES;
				CLANG_ANALYZER_NUMBER_OBJECT_CONVERSION = YES_AGGRESSIVE;
				CLANG_CXX_LANGUAGE_STANDARD = "gnu++14";
				CLANG_CXX_LIBRARY = "libc++";
				CLANG_ENABLE_MODULES = YES;
				CLANG_ENABLE_OBJC_ARC = YES;
				CLANG_ENABLE_OBJC_WEAK = YES;
				CLANG_WARN_BLOCK_CAPTURE_AUTORELEASING = YES;
				CLANG_WARN_BOOL_CONVERSION = YES;
				CLANG_WARN_COMMA = YES;
				CLANG_WARN_CONSTANT_CONVERSION = YES;
				CLANG_WARN_DEPRECATED_OBJC_IMPLEMENTATIONS = YES;
				CLANG_WARN_DIRECT_OBJC_ISA_USAGE = YES_ERROR;
				CLANG_WARN_DOCUMENTATION_COMMENTS = YES;
				CLANG_WARN_EMPTY_BODY = YES;
				CLANG_WARN_ENUM_CONVERSION = YES;
				CLANG_WARN_INFINITE_RECURSION = YES;
				CLANG_WARN_INT_CONVERSION = YES;
				CLANG_WARN_NON_LITERAL_NULL_CONVERSION = YES;
				CLANG_WARN_OBJC_IMPLICIT_RETAIN_SELF = YES;
				CLANG_WARN_OBJC_LITERAL_CONVERSION = YES;
				CLANG_WARN_OBJC_ROOT_CLASS = YES_ERROR;
				CLANG_WARN_QUOTED_INCLUDE_IN_FRAMEWORK_HEADER = YES;
				CLANG_WARN_RANGE_LOOP_ANALYSIS = YES;
				CLANG_WARN_STRICT_PROTOTYPES = YES;
				CLANG_WARN_SUSPICIOUS_MOVE = YES;
				CLANG_WARN_UNGUARDED_AVAILABILITY = YES_AGGRESSIVE;
				CLANG_WARN_UNREACHABLE_CODE = YES;
				CLANG_WARN__DUPLICATE_METHOD_MATCH = YES;
				COPY_PHASE_STRIP = NO;
				DEBUG_INFORMATION_FORMAT = "dwarf-with-dsym";
				ENABLE_NS_ASSERTIONS = NO;
				ENABLE_STRICT_OBJC_MSGSEND = YES;
				GCC_C_LANGUAGE_STANDARD = gnu11;
				GCC_NO_COMMON_BLOCKS = YES;
				GCC_WARN_64_TO_32_BIT_CONVERSION = YES;
				GCC_WARN_ABOUT_RETURN_TYPE = YES_ERROR;
				GCC_WARN_UNDECLARED_SELECTOR = YES;
				GCC_WARN_UNINITIALIZED_AUTOS = YES_AGGRESSIVE;
				GCC_WARN_UNUSED_FUNCTION = YES;
				GCC_WARN_UNUSED_VARIABLE = YES;
				IPHONEOS_DEPLOYMENT_TARGET = 14.2;
				MTL_ENABLE_DEBUG_INFO = NO;
				MTL_FAST_MATH = YES;
				SDKROOT = iphoneos;
				SWIFT_COMPILATION_MODE = wholemodule;
				SWIFT_OPTIMIZATION_LEVEL = "-O";
				VALIDATE_PRODUCT = YES;
			};
			name = Release;
		};
		7B73D63D259C76240045DA42 /* Debug */ = {
			isa = XCBuildConfiguration;
			buildSettings = {
				ASSETCATALOG_COMPILER_APPICON_NAME = AppIcon;
				ASSETCATALOG_COMPILER_GLOBAL_ACCENT_COLOR_NAME = AccentColor;
				CODE_SIGN_STYLE = Automatic;
				DEVELOPMENT_TEAM = 36YN45CVLK;
				INFOPLIST_FILE = Example/Info.plist;
				IPHONEOS_DEPLOYMENT_TARGET = 9.0;
				LD_RUNPATH_SEARCH_PATHS = (
					"$(inherited)",
					"@executable_path/Frameworks",
				);
				MARKETING_VERSION = 1.0.0;
				PRODUCT_BUNDLE_IDENTIFIER = com.silence.HXPHPicker;
				PRODUCT_NAME = "$(TARGET_NAME)";
				SWIFT_VERSION = 5.0;
				TARGETED_DEVICE_FAMILY = "1,2";
			};
			name = Debug;
		};
		7B73D63E259C76240045DA42 /* Release */ = {
			isa = XCBuildConfiguration;
			buildSettings = {
				ASSETCATALOG_COMPILER_APPICON_NAME = AppIcon;
				ASSETCATALOG_COMPILER_GLOBAL_ACCENT_COLOR_NAME = AccentColor;
				CODE_SIGN_STYLE = Automatic;
				DEVELOPMENT_TEAM = 36YN45CVLK;
				INFOPLIST_FILE = Example/Info.plist;
				IPHONEOS_DEPLOYMENT_TARGET = 9.0;
				LD_RUNPATH_SEARCH_PATHS = (
					"$(inherited)",
					"@executable_path/Frameworks",
				);
				MARKETING_VERSION = 1.0.0;
				PRODUCT_BUNDLE_IDENTIFIER = com.silence.HXPHPicker;
				PRODUCT_NAME = "$(TARGET_NAME)";
				SWIFT_VERSION = 5.0;
				TARGETED_DEVICE_FAMILY = "1,2";
			};
			name = Release;
		};
/* End XCBuildConfiguration section */

/* Begin XCConfigurationList section */
		7B73D623259C76210045DA42 /* Build configuration list for PBXProject "HXPHPicker" */ = {
			isa = XCConfigurationList;
			buildConfigurations = (
				7B73D63A259C76240045DA42 /* Debug */,
				7B73D63B259C76240045DA42 /* Release */,
			);
			defaultConfigurationIsVisible = 0;
			defaultConfigurationName = Release;
		};
		7B73D63C259C76240045DA42 /* Build configuration list for PBXNativeTarget "HXPHPicker" */ = {
			isa = XCConfigurationList;
			buildConfigurations = (
				7B73D63D259C76240045DA42 /* Debug */,
				7B73D63E259C76240045DA42 /* Release */,
			);
			defaultConfigurationIsVisible = 0;
			defaultConfigurationName = Release;
		};
/* End XCConfigurationList section */
	};
	rootObject = 7B73D620259C76210045DA42 /* Project object */;
}
